// !$*UTF8*$!
{
	archiveVersion = 1;
	classes = {
	};
	objectVersion = 77;
	objects = {

/* Begin PBXBuildFile section */
		BB7FBB4B2E5E6078000B3B4C /* ComposableArchitecture in Frameworks */ = {isa = PBXBuildFile; productRef = BB7FBB4A2E5E6078000B3B4C /* ComposableArchitecture */; };
/* End PBXBuildFile section */

/* Begin PBXContainerItemProxy section */
		BB7FBB2D2E5E5F88000B3B4C /* PBXContainerItemProxy */ = {
			isa = PBXContainerItemProxy;
			containerPortal = BB7FBB172E5E5F86000B3B4C /* Project object */;
			proxyType = 1;
			remoteGlobalIDString = BB7FBB1E2E5E5F86000B3B4C;
			remoteInfo = SyncUpsPlus;
		};
		BB7FBB372E5E5F88000B3B4C /* PBXContainerItemProxy */ = {
			isa = PBXContainerItemProxy;
			containerPortal = BB7FBB172E5E5F86000B3B4C /* Project object */;
			proxyType = 1;
			remoteGlobalIDString = BB7FBB1E2E5E5F86000B3B4C;
			remoteInfo = SyncUpsPlus;
		};
/* End PBXContainerItemProxy section */

/* Begin PBXFileReference section */
		BB024A232E6A06A9002436C1 /* SyncUpsPlus.app */ = {isa = PBXFileReference; explicitFileType = wrapper.application; includeInIndex = 0; name = SyncUpsPlus.app; path = "/Users/jaroshevskii/Developer/SyncUpsPlus/build/Debug-iphoneos/SyncUpsPlus.app"; sourceTree = "<absolute>"; };
		BB024A242E6A06A9002436C1 /* SyncUpsPlusTests.xctest */ = {isa = PBXFileReference; explicitFileType = wrapper.cfbundle; includeInIndex = 0; name = SyncUpsPlusTests.xctest; path = "/Users/jaroshevskii/Developer/SyncUpsPlus/build/Debug-iphoneos/SyncUpsPlus.app/PlugIns/SyncUpsPlusTests.xctest"; sourceTree = "<absolute>"; };
		BB024A252E6A06A9002436C1 /* SyncUpsPlusUITests.xctest */ = {isa = PBXFileReference; explicitFileType = wrapper.cfbundle; includeInIndex = 0; name = SyncUpsPlusUITests.xctest; path = "/Users/jaroshevskii/Developer/SyncUpsPlus/build/Debug-iphoneos/SyncUpsPlusUITests-Runner.app/PlugIns/SyncUpsPlusUITests.xctest"; sourceTree = "<absolute>"; };
		BB8A70432E5F277D00452C62 /* .editorconfig */ = {isa = PBXFileReference; lastKnownFileType = text; path = .editorconfig; sourceTree = "<group>"; };
/* End PBXFileReference section */

/* Begin PBXFileSystemSynchronizedRootGroup section */
		BB7FBB212E5E5F86000B3B4C /* SyncUpsPlus */ = {
			isa = PBXFileSystemSynchronizedRootGroup;
			path = SyncUpsPlus;
			sourceTree = "<group>";
		};
		BB7FBB2F2E5E5F88000B3B4C /* SyncUpsPlusTests */ = {
			isa = PBXFileSystemSynchronizedRootGroup;
			path = SyncUpsPlusTests;
			sourceTree = "<group>";
		};
		BB7FBB392E5E5F88000B3B4C /* SyncUpsPlusUITests */ = {
			isa = PBXFileSystemSynchronizedRootGroup;
			path = SyncUpsPlusUITests;
			sourceTree = "<group>";
		};
/* End PBXFileSystemSynchronizedRootGroup section */

/* Begin PBXFrameworksBuildPhase section */
		BB7FBB1C2E5E5F86000B3B4C /* Frameworks */ = {
			isa = PBXFrameworksBuildPhase;
			buildActionMask = 2147483647;
			files = (
				BB7FBB4B2E5E6078000B3B4C /* ComposableArchitecture in Frameworks */,
			);
			runOnlyForDeploymentPostprocessing = 0;
		};
		BB7FBB292E5E5F88000B3B4C /* Frameworks */ = {
			isa = PBXFrameworksBuildPhase;
			buildActionMask = 2147483647;
			files = (
			);
			runOnlyForDeploymentPostprocessing = 0;
		};
		BB7FBB332E5E5F88000B3B4C /* Frameworks */ = {
			isa = PBXFrameworksBuildPhase;
			buildActionMask = 2147483647;
			files = (
			);
			runOnlyForDeploymentPostprocessing = 0;
		};
/* End PBXFrameworksBuildPhase section */

/* Begin PBXGroup section */
		BB7FBB162E5E5F86000B3B4C = {
			isa = PBXGroup;
			children = (
				BB8A70432E5F277D00452C62 /* .editorconfig */,
				BB7FBB212E5E5F86000B3B4C /* SyncUpsPlus */,
				BB7FBB2F2E5E5F88000B3B4C /* SyncUpsPlusTests */,
				BB7FBB392E5E5F88000B3B4C /* SyncUpsPlusUITests */,
			);
			sourceTree = "<group>";
		};
/* End PBXGroup section */

/* Begin PBXNativeTarget section */
		BB7FBB1E2E5E5F86000B3B4C /* SyncUpsPlus */ = {
			isa = PBXNativeTarget;
			buildConfigurationList = BB7FBB402E5E5F88000B3B4C /* Build configuration list for PBXNativeTarget "SyncUpsPlus" */;
			buildPhases = (
				BB7FBB1B2E5E5F86000B3B4C /* Sources */,
				BB7FBB1C2E5E5F86000B3B4C /* Frameworks */,
				BB7FBB1D2E5E5F86000B3B4C /* Resources */,
			);
			buildRules = (
			);
			dependencies = (
			);
			fileSystemSynchronizedGroups = (
				BB7FBB212E5E5F86000B3B4C /* SyncUpsPlus */,
			);
			name = SyncUpsPlus;
			packageProductDependencies = (
				BB7FBB4A2E5E6078000B3B4C /* ComposableArchitecture */,
			);
			productName = SyncUpsPlus;
			productReference = BB024A232E6A06A9002436C1 /* SyncUpsPlus.app */;
			productType = "com.apple.product-type.application";
		};
		BB7FBB2B2E5E5F88000B3B4C /* SyncUpsPlusTests */ = {
			isa = PBXNativeTarget;
			buildConfigurationList = BB7FBB432E5E5F88000B3B4C /* Build configuration list for PBXNativeTarget "SyncUpsPlusTests" */;
			buildPhases = (
				BB7FBB282E5E5F88000B3B4C /* Sources */,
				BB7FBB292E5E5F88000B3B4C /* Frameworks */,
				BB7FBB2A2E5E5F88000B3B4C /* Resources */,
			);
			buildRules = (
			);
			dependencies = (
				BB7FBB2E2E5E5F88000B3B4C /* PBXTargetDependency */,
			);
			fileSystemSynchronizedGroups = (
				BB7FBB2F2E5E5F88000B3B4C /* SyncUpsPlusTests */,
			);
			name = SyncUpsPlusTests;
			packageProductDependencies = (
			);
			productName = SyncUpsPlusTests;
			productReference = BB024A242E6A06A9002436C1 /* SyncUpsPlusTests.xctest */;
			productType = "com.apple.product-type.bundle.unit-test";
		};
		BB7FBB352E5E5F88000B3B4C /* SyncUpsPlusUITests */ = {
			isa = PBXNativeTarget;
			buildConfigurationList = BB7FBB462E5E5F88000B3B4C /* Build configuration list for PBXNativeTarget "SyncUpsPlusUITests" */;
			buildPhases = (
				BB7FBB322E5E5F88000B3B4C /* Sources */,
				BB7FBB332E5E5F88000B3B4C /* Frameworks */,
				BB7FBB342E5E5F88000B3B4C /* Resources */,
			);
			buildRules = (
			);
			dependencies = (
				BB7FBB382E5E5F88000B3B4C /* PBXTargetDependency */,
			);
			fileSystemSynchronizedGroups = (
				BB7FBB392E5E5F88000B3B4C /* SyncUpsPlusUITests */,
			);
			name = SyncUpsPlusUITests;
			packageProductDependencies = (
			);
			productName = SyncUpsPlusUITests;
			productReference = BB024A252E6A06A9002436C1 /* SyncUpsPlusUITests.xctest */;
			productType = "com.apple.product-type.bundle.ui-testing";
		};
/* End PBXNativeTarget section */

/* Begin PBXProject section */
		BB7FBB172E5E5F86000B3B4C /* Project object */ = {
			isa = PBXProject;
			attributes = {
				BuildIndependentTargetsInParallel = 1;
				LastSwiftUpdateCheck = 2600;
				LastUpgradeCheck = 2600;
				TargetAttributes = {
					BB7FBB1E2E5E5F86000B3B4C = {
						CreatedOnToolsVersion = 26.0;
					};
					BB7FBB2B2E5E5F88000B3B4C = {
						CreatedOnToolsVersion = 26.0;
						TestTargetID = BB7FBB1E2E5E5F86000B3B4C;
					};
					BB7FBB352E5E5F88000B3B4C = {
						CreatedOnToolsVersion = 26.0;
						TestTargetID = BB7FBB1E2E5E5F86000B3B4C;
					};
				};
			};
			buildConfigurationList = BB7FBB1A2E5E5F86000B3B4C /* Build configuration list for PBXProject "SyncUpsPlus" */;
			developmentRegion = en;
			hasScannedForEncodings = 0;
			knownRegions = (
				en,
				Base,
			);
			mainGroup = BB7FBB162E5E5F86000B3B4C;
			minimizedProjectReferenceProxies = 1;
			packageReferences = (
				BB7FBB492E5E6078000B3B4C /* XCRemoteSwiftPackageReference "swift-composable-architecture" */,
			);
			preferredProjectObjectVersion = 77;
			productRefGroup = BB7FBB162E5E5F86000B3B4C;
			projectDirPath = "";
			projectRoot = "";
			targets = (
				BB7FBB1E2E5E5F86000B3B4C /* SyncUpsPlus */,
				BB7FBB2B2E5E5F88000B3B4C /* SyncUpsPlusTests */,
				BB7FBB352E5E5F88000B3B4C /* SyncUpsPlusUITests */,
			);
		};
/* End PBXProject section */

/* Begin PBXResourcesBuildPhase section */
		BB7FBB1D2E5E5F86000B3B4C /* Resources */ = {
			isa = PBXResourcesBuildPhase;
			buildActionMask = 2147483647;
			files = (
			);
			runOnlyForDeploymentPostprocessing = 0;
		};
		BB7FBB2A2E5E5F88000B3B4C /* Resources */ = {
			isa = PBXResourcesBuildPhase;
			buildActionMask = 2147483647;
			files = (
			);
			runOnlyForDeploymentPostprocessing = 0;
		};
		BB7FBB342E5E5F88000B3B4C /* Resources */ = {
			isa = PBXResourcesBuildPhase;
			buildActionMask = 2147483647;
			files = (
			);
			runOnlyForDeploymentPostprocessing = 0;
		};
/* End PBXResourcesBuildPhase section */

/* Begin PBXSourcesBuildPhase section */
		BB7FBB1B2E5E5F86000B3B4C /* Sources */ = {
			isa = PBXSourcesBuildPhase;
			buildActionMask = 2147483647;
			files = (
			);
			runOnlyForDeploymentPostprocessing = 0;
		};
		BB7FBB282E5E5F88000B3B4C /* Sources */ = {
			isa = PBXSourcesBuildPhase;
			buildActionMask = 2147483647;
			files = (
			);
			runOnlyForDeploymentPostprocessing = 0;
		};
		BB7FBB322E5E5F88000B3B4C /* Sources */ = {
			isa = PBXSourcesBuildPhase;
			buildActionMask = 2147483647;
			files = (
			);
			runOnlyForDeploymentPostprocessing = 0;
		};
/* End PBXSourcesBuildPhase section */

/* Begin PBXTargetDependency section */
		BB7FBB2E2E5E5F88000B3B4C /* PBXTargetDependency */ = {
			isa = PBXTargetDependency;
			target = BB7FBB1E2E5E5F86000B3B4C /* SyncUpsPlus */;
			targetProxy = BB7FBB2D2E5E5F88000B3B4C /* PBXContainerItemProxy */;
		};
		BB7FBB382E5E5F88000B3B4C /* PBXTargetDependency */ = {
			isa = PBXTargetDependency;
			target = BB7FBB1E2E5E5F86000B3B4C /* SyncUpsPlus */;
			targetProxy = BB7FBB372E5E5F88000B3B4C /* PBXContainerItemProxy */;
		};
/* End PBXTargetDependency section */

/* Begin XCBuildConfiguration section */
		BB7FBB3E2E5E5F88000B3B4C /* Debug */ = {
			isa = XCBuildConfiguration;
			buildSettings = {
				ALWAYS_SEARCH_USER_PATHS = NO;
				ASSETCATALOG_COMPILER_GENERATE_SWIFT_ASSET_SYMBOL_EXTENSIONS = YES;
				CLANG_ANALYZER_NONNULL = YES;
				CLANG_ANALYZER_NUMBER_OBJECT_CONVERSION = YES_AGGRESSIVE;
				CLANG_CXX_LANGUAGE_STANDARD = "gnu++20";
				CLANG_ENABLE_MODULES = YES;
				CLANG_ENABLE_OBJC_ARC = YES;
				CLANG_ENABLE_OBJC_WEAK = YES;
				CLANG_WARN_BLOCK_CAPTURE_AUTORELEASING = YES;
				CLANG_WARN_BOOL_CONVERSION = YES;
				CLANG_WARN_COMMA = YES;
				CLANG_WARN_CONSTANT_CONVERSION = YES;
				CLANG_WARN_DEPRECATED_OBJC_IMPLEMENTATIONS = YES;
				CLANG_WARN_DIRECT_OBJC_ISA_USAGE = YES_ERROR;
				CLANG_WARN_DOCUMENTATION_COMMENTS = YES;
				CLANG_WARN_EMPTY_BODY = YES;
				CLANG_WARN_ENUM_CONVERSION = YES;
				CLANG_WARN_INFINITE_RECURSION = YES;
				CLANG_WARN_INT_CONVERSION = YES;
				CLANG_WARN_NON_LITERAL_NULL_CONVERSION = YES;
				CLANG_WARN_OBJC_IMPLICIT_RETAIN_SELF = YES;
				CLANG_WARN_OBJC_LITERAL_CONVERSION = YES;
				CLANG_WARN_OBJC_ROOT_CLASS = YES_ERROR;
				CLANG_WARN_QUOTED_INCLUDE_IN_FRAMEWORK_HEADER = YES;
				CLANG_WARN_RANGE_LOOP_ANALYSIS = YES;
				CLANG_WARN_STRICT_PROTOTYPES = YES;
				CLANG_WARN_SUSPICIOUS_MOVE = YES;
				CLANG_WARN_UNGUARDED_AVAILABILITY = YES_AGGRESSIVE;
				CLANG_WARN_UNREACHABLE_CODE = YES;
				CLANG_WARN__DUPLICATE_METHOD_MATCH = YES;
				COPY_PHASE_STRIP = NO;
				DEBUG_INFORMATION_FORMAT = dwarf;
				ENABLE_STRICT_OBJC_MSGSEND = YES;
				ENABLE_TESTABILITY = YES;
				ENABLE_USER_SCRIPT_SANDBOXING = YES;
				GCC_C_LANGUAGE_STANDARD = gnu17;
				GCC_DYNAMIC_NO_PIC = NO;
				GCC_NO_COMMON_BLOCKS = YES;
				GCC_OPTIMIZATION_LEVEL = 0;
				GCC_PREPROCESSOR_DEFINITIONS = (
					"DEBUG=1",
					"$(inherited)",
				);
				GCC_WARN_64_TO_32_BIT_CONVERSION = YES;
				GCC_WARN_ABOUT_RETURN_TYPE = YES_ERROR;
				GCC_WARN_UNDECLARED_SELECTOR = YES;
				GCC_WARN_UNINITIALIZED_AUTOS = YES_AGGRESSIVE;
				GCC_WARN_UNUSED_FUNCTION = YES;
				GCC_WARN_UNUSED_VARIABLE = YES;
				IPHONEOS_DEPLOYMENT_TARGET = 26.0;
				LOCALIZATION_PREFERS_STRING_CATALOGS = YES;
				MTL_ENABLE_DEBUG_INFO = INCLUDE_SOURCE;
				MTL_FAST_MATH = YES;
				ONLY_ACTIVE_ARCH = YES;
				SDKROOT = iphoneos;
				SWIFT_ACTIVE_COMPILATION_CONDITIONS = "DEBUG $(inherited)";
				SWIFT_OPTIMIZATION_LEVEL = "-Onone";
			};
			name = Debug;
		};
		BB7FBB3F2E5E5F88000B3B4C /* Release */ = {
			isa = XCBuildConfiguration;
			buildSettings = {
				ALWAYS_SEARCH_USER_PATHS = NO;
				ASSETCATALOG_COMPILER_GENERATE_SWIFT_ASSET_SYMBOL_EXTENSIONS = YES;
				CLANG_ANALYZER_NONNULL = YES;
				CLANG_ANALYZER_NUMBER_OBJECT_CONVERSION = YES_AGGRESSIVE;
				CLANG_CXX_LANGUAGE_STANDARD = "gnu++20";
				CLANG_ENABLE_MODULES = YES;
				CLANG_ENABLE_OBJC_ARC = YES;
				CLANG_ENABLE_OBJC_WEAK = YES;
				CLANG_WARN_BLOCK_CAPTURE_AUTORELEASING = YES;
				CLANG_WARN_BOOL_CONVERSION = YES;
				CLANG_WARN_COMMA = YES;
				CLANG_WARN_CONSTANT_CONVERSION = YES;
				CLANG_WARN_DEPRECATED_OBJC_IMPLEMENTATIONS = YES;
				CLANG_WARN_DIRECT_OBJC_ISA_USAGE = YES_ERROR;
				CLANG_WARN_DOCUMENTATION_COMMENTS = YES;
				CLANG_WARN_EMPTY_BODY = YES;
				CLANG_WARN_ENUM_CONVERSION = YES;
				CLANG_WARN_INFINITE_RECURSION = YES;
				CLANG_WARN_INT_CONVERSION = YES;
				CLANG_WARN_NON_LITERAL_NULL_CONVERSION = YES;
				CLANG_WARN_OBJC_IMPLICIT_RETAIN_SELF = YES;
				CLANG_WARN_OBJC_LITERAL_CONVERSION = YES;
				CLANG_WARN_OBJC_ROOT_CLASS = YES_ERROR;
				CLANG_WARN_QUOTED_INCLUDE_IN_FRAMEWORK_HEADER = YES;
				CLANG_WARN_RANGE_LOOP_ANALYSIS = YES;
				CLANG_WARN_STRICT_PROTOTYPES = YES;
				CLANG_WARN_SUSPICIOUS_MOVE = YES;
				CLANG_WARN_UNGUARDED_AVAILABILITY = YES_AGGRESSIVE;
				CLANG_WARN_UNREACHABLE_CODE = YES;
				CLANG_WARN__DUPLICATE_METHOD_MATCH = YES;
				COPY_PHASE_STRIP = NO;
				DEBUG_INFORMATION_FORMAT = "dwarf-with-dsym";
				ENABLE_NS_ASSERTIONS = NO;
				ENABLE_STRICT_OBJC_MSGSEND = YES;
				ENABLE_USER_SCRIPT_SANDBOXING = YES;
				GCC_C_LANGUAGE_STANDARD = gnu17;
				GCC_NO_COMMON_BLOCKS = YES;
				GCC_WARN_64_TO_32_BIT_CONVERSION = YES;
				GCC_WARN_ABOUT_RETURN_TYPE = YES_ERROR;
				GCC_WARN_UNDECLARED_SELECTOR = YES;
				GCC_WARN_UNINITIALIZED_AUTOS = YES_AGGRESSIVE;
				GCC_WARN_UNUSED_FUNCTION = YES;
				GCC_WARN_UNUSED_VARIABLE = YES;
				IPHONEOS_DEPLOYMENT_TARGET = 26.0;
				LOCALIZATION_PREFERS_STRING_CATALOGS = YES;
				MTL_ENABLE_DEBUG_INFO = NO;
				MTL_FAST_MATH = YES;
				SDKROOT = iphoneos;
				SWIFT_COMPILATION_MODE = wholemodule;
				VALIDATE_PRODUCT = YES;
			};
			name = Release;
		};
		BB7FBB412E5E5F88000B3B4C /* Debug */ = {
			isa = XCBuildConfiguration;
			buildSettings = {
				ASSETCATALOG_COMPILER_APPICON_NAME = AppIcon;
				ASSETCATALOG_COMPILER_GLOBAL_ACCENT_COLOR_NAME = AccentColor;
				CODE_SIGN_STYLE = Automatic;
				CURRENT_PROJECT_VERSION = 1;
				ENABLE_PREVIEWS = YES;
				GENERATE_INFOPLIST_FILE = YES;
				INFOPLIST_KEY_UIApplicationSceneManifest_Generation = YES;
				INFOPLIST_KEY_UIApplicationSupportsIndirectInputEvents = YES;
				INFOPLIST_KEY_UILaunchScreen_Generation = YES;
				INFOPLIST_KEY_UISupportedInterfaceOrientations_iPad = "UIInterfaceOrientationPortrait UIInterfaceOrientationPortraitUpsideDown UIInterfaceOrientationLandscapeLeft UIInterfaceOrientationLandscapeRight";
				INFOPLIST_KEY_UISupportedInterfaceOrientations_iPhone = "UIInterfaceOrientationPortrait UIInterfaceOrientationLandscapeLeft UIInterfaceOrientationLandscapeRight";
				IPHONEOS_DEPLOYMENT_TARGET = 17.6;
				LD_RUNPATH_SEARCH_PATHS = (
					"$(inherited)",
					"@executable_path/Frameworks",
				);
				MARKETING_VERSION = 1.0;
				PRODUCT_BUNDLE_IDENTIFIER = io.jaroshevskii.SyncUpsPlus;
				PRODUCT_NAME = "$(TARGET_NAME)";
				STRING_CATALOG_GENERATE_SYMBOLS = YES;
				SWIFT_APPROACHABLE_CONCURRENCY = YES;
				SWIFT_DEFAULT_ACTOR_ISOLATION = nonisolated;
				SWIFT_EMIT_LOC_STRINGS = YES;
				SWIFT_STRICT_CONCURRENCY = complete;
				SWIFT_UPCOMING_FEATURE_MEMBER_IMPORT_VISIBILITY = YES;
				SWIFT_VERSION = 5.0;
				TARGETED_DEVICE_FAMILY = "1,2";
			};
			name = Debug;
		};
		BB7FBB422E5E5F88000B3B4C /* Release */ = {
			isa = XCBuildConfiguration;
			buildSettings = {
				ASSETCATALOG_COMPILER_APPICON_NAME = AppIcon;
				ASSETCATALOG_COMPILER_GLOBAL_ACCENT_COLOR_NAME = AccentColor;
				CODE_SIGN_STYLE = Automatic;
				CURRENT_PROJECT_VERSION = 1;
				ENABLE_PREVIEWS = YES;
				GENERATE_INFOPLIST_FILE = YES;
				INFOPLIST_KEY_UIApplicationSceneManifest_Generation = YES;
				INFOPLIST_KEY_UIApplicationSupportsIndirectInputEvents = YES;
				INFOPLIST_KEY_UILaunchScreen_Generation = YES;
				INFOPLIST_KEY_UISupportedInterfaceOrientations_iPad = "UIInterfaceOrientationPortrait UIInterfaceOrientationPortraitUpsideDown UIInterfaceOrientationLandscapeLeft UIInterfaceOrientationLandscapeRight";
				INFOPLIST_KEY_UISupportedInterfaceOrientations_iPhone = "UIInterfaceOrientationPortrait UIInterfaceOrientationLandscapeLeft UIInterfaceOrientationLandscapeRight";
				IPHONEOS_DEPLOYMENT_TARGET = 17.6;
				LD_RUNPATH_SEARCH_PATHS = (
					"$(inherited)",
					"@executable_path/Frameworks",
				);
				MARKETING_VERSION = 1.0;
				PRODUCT_BUNDLE_IDENTIFIER = io.jaroshevskii.SyncUpsPlus;
				PRODUCT_NAME = "$(TARGET_NAME)";
				STRING_CATALOG_GENERATE_SYMBOLS = YES;
				SWIFT_APPROACHABLE_CONCURRENCY = YES;
				SWIFT_DEFAULT_ACTOR_ISOLATION = nonisolated;
				SWIFT_EMIT_LOC_STRINGS = YES;
				SWIFT_STRICT_CONCURRENCY = complete;
				SWIFT_UPCOMING_FEATURE_MEMBER_IMPORT_VISIBILITY = YES;
				SWIFT_VERSION = 5.0;
				TARGETED_DEVICE_FAMILY = "1,2";
			};
			name = Release;
		};
		BB7FBB442E5E5F88000B3B4C /* Debug */ = {
			isa = XCBuildConfiguration;
			buildSettings = {
				BUNDLE_LOADER = "$(TEST_HOST)";
				CODE_SIGN_STYLE = Automatic;
				CURRENT_PROJECT_VERSION = 1;
				GENERATE_INFOPLIST_FILE = YES;
				IPHONEOS_DEPLOYMENT_TARGET = 26.0;
				MARKETING_VERSION = 1.0;
				PRODUCT_BUNDLE_IDENTIFIER = io.jaroshevskii.SyncUpsPlusTests;
				PRODUCT_NAME = "$(TARGET_NAME)";
				STRING_CATALOG_GENERATE_SYMBOLS = NO;
				SWIFT_APPROACHABLE_CONCURRENCY = YES;
				SWIFT_EMIT_LOC_STRINGS = NO;
				SWIFT_UPCOMING_FEATURE_MEMBER_IMPORT_VISIBILITY = YES;
				SWIFT_VERSION = 5.0;
				TARGETED_DEVICE_FAMILY = "1,2";
				TEST_HOST = "$(BUILT_PRODUCTS_DIR)/SyncUpsPlus.app/$(BUNDLE_EXECUTABLE_FOLDER_PATH)/SyncUpsPlus";
			};
			name = Debug;
		};
		BB7FBB452E5E5F88000B3B4C /* Release */ = {
			isa = XCBuildConfiguration;
			buildSettings = {
				BUNDLE_LOADER = "$(TEST_HOST)";
				CODE_SIGN_STYLE = Automatic;
				CURRENT_PROJECT_VERSION = 1;
				GENERATE_INFOPLIST_FILE = YES;
				IPHONEOS_DEPLOYMENT_TARGET = 26.0;
				MARKETING_VERSION = 1.0;
				PRODUCT_BUNDLE_IDENTIFIER = io.jaroshevskii.SyncUpsPlusTests;
				PRODUCT_NAME = "$(TARGET_NAME)";
				STRING_CATALOG_GENERATE_SYMBOLS = NO;
				SWIFT_APPROACHABLE_CONCURRENCY = YES;
				SWIFT_EMIT_LOC_STRINGS = NO;
				SWIFT_UPCOMING_FEATURE_MEMBER_IMPORT_VISIBILITY = YES;
				SWIFT_VERSION = 5.0;
				TARGETED_DEVICE_FAMILY = "1,2";
				TEST_HOST = "$(BUILT_PRODUCTS_DIR)/SyncUpsPlus.app/$(BUNDLE_EXECUTABLE_FOLDER_PATH)/SyncUpsPlus";
			};
			name = Release;
		};
		BB7FBB472E5E5F88000B3B4C /* Debug */ = {
			isa = XCBuildConfiguration;
			buildSettings = {
				CODE_SIGN_STYLE = Automatic;
				CURRENT_PROJECT_VERSION = 1;
				GENERATE_INFOPLIST_FILE = YES;
				MARKETING_VERSION = 1.0;
				PRODUCT_BUNDLE_IDENTIFIER = io.jaroshevskii.SyncUpsPlusUITests;
				PRODUCT_NAME = "$(TARGET_NAME)";
				STRING_CATALOG_GENERATE_SYMBOLS = NO;
				SWIFT_APPROACHABLE_CONCURRENCY = YES;
				SWIFT_EMIT_LOC_STRINGS = NO;
				SWIFT_UPCOMING_FEATURE_MEMBER_IMPORT_VISIBILITY = YES;
				SWIFT_VERSION = 5.0;
				TARGETED_DEVICE_FAMILY = "1,2";
				TEST_TARGET_NAME = SyncUpsPlus;
			};
			name = Debug;
		};
		BB7FBB482E5E5F88000B3B4C /* Release */ = {
			isa = XCBuildConfiguration;
			buildSettings = {
				CODE_SIGN_STYLE = Automatic;
				CURRENT_PROJECT_VERSION = 1;
				GENERATE_INFOPLIST_FILE = YES;
				MARKETING_VERSION = 1.0;
				PRODUCT_BUNDLE_IDENTIFIER = io.jaroshevskii.SyncUpsPlusUITests;
				PRODUCT_NAME = "$(TARGET_NAME)";
				STRING_CATALOG_GENERATE_SYMBOLS = NO;
				SWIFT_APPROACHABLE_CONCURRENCY = YES;
				SWIFT_EMIT_LOC_STRINGS = NO;
				SWIFT_UPCOMING_FEATURE_MEMBER_IMPORT_VISIBILITY = YES;
				SWIFT_VERSION = 5.0;
				TARGETED_DEVICE_FAMILY = "1,2";
				TEST_TARGET_NAME = SyncUpsPlus;
			};
			name = Release;
		};
/* End XCBuildConfiguration section */

/* Begin XCConfigurationList section */
		BB7FBB1A2E5E5F86000B3B4C /* Build configuration list for PBXProject "SyncUpsPlus" */ = {
			isa = XCConfigurationList;
			buildConfigurations = (
				BB7FBB3E2E5E5F88000B3B4C /* Debug */,
				BB7FBB3F2E5E5F88000B3B4C /* Release */,
			);
			defaultConfigurationIsVisible = 0;
			defaultConfigurationName = Release;
		};
		BB7FBB402E5E5F88000B3B4C /* Build configuration list for PBXNativeTarget "SyncUpsPlus" */ = {
			isa = XCConfigurationList;
			buildConfigurations = (
				BB7FBB412E5E5F88000B3B4C /* Debug */,
				BB7FBB422E5E5F88000B3B4C /* Release */,
			);
			defaultConfigurationIsVisible = 0;
			defaultConfigurationName = Release;
		};
		BB7FBB432E5E5F88000B3B4C /* Build configuration list for PBXNativeTarget "SyncUpsPlusTests" */ = {
			isa = XCConfigurationList;
			buildConfigurations = (
				BB7FBB442E5E5F88000B3B4C /* Debug */,
				BB7FBB452E5E5F88000B3B4C /* Release */,
			);
			defaultConfigurationIsVisible = 0;
			defaultConfigurationName = Release;
		};
		BB7FBB462E5E5F88000B3B4C /* Build configuration list for PBXNativeTarget "SyncUpsPlusUITests" */ = {
			isa = XCConfigurationList;
			buildConfigurations = (
				BB7FBB472E5E5F88000B3B4C /* Debug */,
				BB7FBB482E5E5F88000B3B4C /* Release */,
			);
			defaultConfigurationIsVisible = 0;
			defaultConfigurationName = Release;
		};
/* End XCConfigurationList section */

/* Begin XCRemoteSwiftPackageReference section */
		BB7FBB492E5E6078000B3B4C /* XCRemoteSwiftPackageReference "swift-composable-architecture" */ = {
			isa = XCRemoteSwiftPackageReference;
			repositoryURL = "https://github.com/pointfreeco/swift-composable-architecture.git";
			requirement = {
				kind = upToNextMajorVersion;
				minimumVersion = 1.22.1;
			};
		};
/* End XCRemoteSwiftPackageReference section */

/* Begin XCSwiftPackageProductDependency section */
		BB7FBB4A2E5E6078000B3B4C /* ComposableArchitecture */ = {
			isa = XCSwiftPackageProductDependency;
			package = BB7FBB492E5E6078000B3B4C /* XCRemoteSwiftPackageReference "swift-composable-architecture" */;
			productName = ComposableArchitecture;
		};
/* End XCSwiftPackageProductDependency section */
	};
	rootObject = BB7FBB172E5E5F86000B3B4C /* Project object */;
}
